# THIS IS AN AUTOGENERATED FILE. DO NOT EDIT THIS FILE DIRECTLY.
# yarn lockfile v1


"@escape.tech/graphql-armor-block-field-suggestions@^1.2.4":
  version "1.2.4"
  resolved "https://registry.yarnpkg.com/@escape.tech/graphql-armor-block-field-suggestions/-/graphql-armor-block-field-suggestions-1.2.4.tgz#2207bfaa0bce2a6b2bcbfc6933f63689f088767d"
  integrity sha512-QI/RSZ0rM9m7cTvSlFL+eh/UJAk78VwqA4MfP7Wc8n+lXM8Hq6OjQh4aL+zoHNoSHeJ6yioDZyUVtP2LDmmVPg==
  dependencies:
    graphql "^16.5.0"

"@escape.tech/graphql-armor-character-limit@^1.3.4":
  version "1.3.4"
  resolved "https://registry.yarnpkg.com/@escape.tech/graphql-armor-character-limit/-/graphql-armor-character-limit-1.3.4.tgz#15d05d2305c3cd415aa339df0086260f4fcb627d"
  integrity sha512-BEMS89JR+czPhNyWXobR+auOnw2lq62ODEolWpIjJf+Uy4iERNKeqkADiuKGysfTDs7bHvz0ck//DZJ74qkz1Q==
  dependencies:
    graphql "^16.5.0"

"@escape.tech/graphql-armor-cost-limit@^1.2.3":
  version "1.2.3"
  resolved "https://registry.yarnpkg.com/@escape.tech/graphql-armor-cost-limit/-/graphql-armor-cost-limit-1.2.3.tgz#b63786ed551a1e7cd59a9fbdbad055a08b97424d"
  integrity sha512-z+pQ2owXZ+Jee+ldaP9/yMzjUdcctwPgTndxDIfa7R8og6wmC2A69ksYWiivIeu8h6cYOS6dHO0Gq3wtyjjaaQ==
  dependencies:
    graphql "^16.5.0"

"@escape.tech/graphql-armor-max-aliases@^1.2.4":
  version "1.2.4"
  resolved "https://registry.yarnpkg.com/@escape.tech/graphql-armor-max-aliases/-/graphql-armor-max-aliases-1.2.4.tgz#f518999c53dd74d524b62cba8832f60b0dea60e0"
  integrity sha512-4cHb9p51PaMyBSHMNJa92Jqku45lMWLYpJ5n6SHRV5seEOnm1yjgPfF5GUIOs+3Jqp7w+h4d1s2DeCmz9eZ/Ew==
  dependencies:
    graphql "^16.5.0"

"@escape.tech/graphql-armor-max-depth@^1.4.4":
  version "1.4.4"
  resolved "https://registry.yarnpkg.com/@escape.tech/graphql-armor-max-depth/-/graphql-armor-max-depth-1.4.4.tgz#eafa4ef5cae21f2108dbf26df6acff06c51f1c39"
  integrity sha512-FmdVDB9gzcfsZpOEFD8+5Lp8SOMi0blAP8/ubvLNrZN/xu0FiruSc8PkXZKVsEXeb1JuxueMt1vpPP8RHauIQA==
  dependencies:
    graphql "^16.5.0"

"@escape.tech/graphql-armor-max-directives@^1.2.3":
  version "1.2.3"
  resolved "https://registry.yarnpkg.com/@escape.tech/graphql-armor-max-directives/-/graphql-armor-max-directives-1.2.3.tgz#e207726ebfc72c5dce07bd2f7abe60b1b461f4bd"
  integrity sha512-R3Ua7Yl71eNe5zepswYQ41fcQqmd5IZkgMRGq/QIgi2aQefUh483Bq9aQae4TyGtQDeqP730M3EY0rQe6cPbfg==
  dependencies:
    graphql "^16.5.0"

"@escape.tech/graphql-armor@1.1.1":
  version "1.1.1"
  resolved "https://registry.yarnpkg.com/@escape.tech/graphql-armor/-/graphql-armor-1.1.1.tgz#83f325e9073a0e50b61979290816f43367fdc10e"
  integrity sha512-+W4r7FsoG5d3DDecO3jk66XVIdLKdoxTbkkYJzFBWyoG9zTm8sSx1WRur65eRygYB3AuJ7kfHcrnKv9z3L2dfw==
  dependencies:
    "@escape.tech/graphql-armor-block-field-suggestions" "^1.2.4"
    "@escape.tech/graphql-armor-character-limit" "^1.3.4"
    "@escape.tech/graphql-armor-cost-limit" "^1.2.3"
    "@escape.tech/graphql-armor-max-aliases" "^1.2.4"
    "@escape.tech/graphql-armor-max-depth" "^1.4.4"
    "@escape.tech/graphql-armor-max-directives" "^1.2.3"
    graphql "^16.5.0"

graphql@15.8.0:
  version "15.8.0"
  resolved "https://registry.yarnpkg.com/graphql/-/graphql-15.8.0.tgz#33410e96b012fa3bdb1091cc99a94769db212b38"
  integrity sha512-5gghUc24tP9HRznNpV2+FIoq3xKkj5dTQqf4v0CpdPbFVwFkWoxOM+o+2OC9ZSvjEMTjfmG9QT+gcvggTwW1zw==

graphql@^16.5.0:
  version "16.6.0"
  resolved "https://registry.yarnpkg.com/graphql/-/graphql-16.6.0.tgz#c2dcffa4649db149f6282af726c8c83f1c7c5fdb"
  integrity sha512-KPIBPDlW7NxrbT/eh4qPXz5FiFdL5UbaA0XUNz2Rp3Z3hqBSkbj0GVjwFDztsWVauZUWsbKHgMg++sk8UX0bkw==
